
Microsoft Visual Studio Solution File, Format Version 12.00
# Visual Studio Version 17
VisualStudioVersion = 17.8.34330.188
MinimumVisualStudioVersion = 10.0.40219.1
Project("{FAE04EC0-301F-11D3-BF4B-00C04F79EFBC}") = "Foundation_GameTemplate", "Foundation_GameTemplate.csproj", "{256EA174-50EE-46A3-9EA4-3EFDC4BF23B4}"
EndProject
Project("{9A19103F-16F7-4668-BE54-9A1E7A4F7556}") = "FoundationR", "..\FoundationR\FoundationR.csproj", "{2A3EBB06-34CC-48F7-B587-6A547B53828D}"
EndProject
Project("{9A19103F-16F7-4668-BE54-9A1E7A4F7556}") = "cotf", "..\cotf-remix\cotf.csproj", "{01C4D3A6-1B44-4500-A0B9-F9B646018859}"
EndProject
Global
	GlobalSection(SolutionConfigurationPlatforms) = preSolution
		Debug|Any CPU = Debug|Any CPU
		Debug|x64 = Debug|x64
		Debug|x86 = Debug|x86
		Release|Any CPU = Release|Any CPU
		Release|x64 = Release|x64
		Release|x86 = Release|x86
	EndGlobalSection
	GlobalSection(ProjectConfigurationPlatforms) = postSolution
		{256EA174-50EE-46A3-9EA4-3EFDC4BF23B4}.Debug|Any CPU.ActiveCfg = Debug|Any CPU
		{256EA174-50EE-46A3-9EA4-3EFDC4BF23B4}.Debug|Any CPU.Build.0 = Debug|Any CPU
		{256EA174-50EE-46A3-9EA4-3EFDC4BF23B4}.Debug|x64.ActiveCfg = Debug|x64
		{256EA174-50EE-46A3-9EA4-3EFDC4BF23B4}.Debug|x64.Build.0 = Debug|x64
		{256EA174-50EE-46A3-9EA4-3EFDC4BF23B4}.Debug|x86.ActiveCfg = Debug|Any CPU
		{256EA174-50EE-46A3-9EA4-3EFDC4BF23B4}.Debug|x86.Build.0 = Debug|Any CPU
		{256EA174-50EE-46A3-9EA4-3EFDC4BF23B4}.Release|Any CPU.ActiveCfg = Release|Any CPU
		{256EA174-50EE-46A3-9EA4-3EFDC4BF23B4}.Release|Any CPU.Build.0 = Release|Any CPU
		{256EA174-50EE-46A3-9EA4-3EFDC4BF23B4}.Release|x64.ActiveCfg = Release|x64
		{256EA174-50EE-46A3-9EA4-3EFDC4BF23B4}.Release|x64.Build.0 = Release|x64
		{256EA174-50EE-46A3-9EA4-3EFDC4BF23B4}.Release|x86.ActiveCfg = Release|Any CPU
		{256EA174-50EE-46A3-9EA4-3EFDC4BF23B4}.Release|x86.Build.0 = Release|Any CPU
		{2A3EBB06-34CC-48F7-B587-6A547B53828D}.Debug|Any CPU.ActiveCfg = Debug|Any CPU
		{2A3EBB06-34CC-48F7-B587-6A547B53828D}.Debug|Any CPU.Build.0 = Debug|Any CPU
		{2A3EBB06-34CC-48F7-B587-6A547B53828D}.Debug|x64.ActiveCfg = Debug|Any CPU
		{2A3EBB06-34CC-48F7-B587-6A547B53828D}.Debug|x64.Build.0 = Debug|Any CPU
		{2A3EBB06-34CC-48F7-B587-6A547B53828D}.Debug|x86.ActiveCfg = Debug|Any CPU
		{2A3EBB06-34CC-48F7-B587-6A547B53828D}.Debug|x86.Build.0 = Debug|Any CPU
		{2A3EBB06-34CC-48F7-B587-6A547B53828D}.Release|Any CPU.ActiveCfg = Release|Any CPU
		{2A3EBB06-34CC-48F7-B587-6A547B53828D}.Release|Any CPU.Build.0 = Release|Any CPU
		{2A3EBB06-34CC-48F7-B587-6A547B53828D}.Release|x64.ActiveCfg = Release|Any CPU
		{2A3EBB06-34CC-48F7-B587-6A547B53828D}.Release|x64.Build.0 = Release|Any CPU
		{2A3EBB06-34CC-48F7-B587-6A547B53828D}.Release|x86.ActiveCfg = Release|Any CPU
		{2A3EBB06-34CC-48F7-B587-6A547B53828D}.Release|x86.Build.0 = Release|Any CPU
		{01C4D3A6-1B44-4500-A0B9-F9B646018859}.Debug|Any CPU.ActiveCfg = Debug|Any CPU
		{01C4D3A6-1B44-4500-A0B9-F9B646018859}.Debug|Any CPU.Build.0 = Debug|Any CPU
		{01C4D3A6-1B44-4500-A0B9-F9B646018859}.Debug|x64.ActiveCfg = Debug|Any CPU
		{01C4D3A6-1B44-4500-A0B9-F9B646018859}.Debug|x64.Build.0 = Debug|Any CPU
		{01C4D3A6-1B44-4500-A0B9-F9B646018859}.Debug|x86.ActiveCfg = Debug|Any CPU
		{01C4D3A6-1B44-4500-A0B9-F9B646018859}.Debug|x86.Build.0 = Debug|Any CPU
		{01C4D3A6-1B44-4500-A0B9-F9B646018859}.Release|Any CPU.ActiveCfg = Release|Any CPU
		{01C4D3A6-1B44-4500-A0B9-F9B646018859}.Release|Any CPU.Build.0 = Release|Any CPU
		{01C4D3A6-1B44-4500-A0B9-F9B646018859}.Release|x64.ActiveCfg = Release|Any CPU
		{01C4D3A6-1B44-4500-A0B9-F9B646018859}.Release|x64.Build.0 = Release|Any CPU
		{01C4D3A6-1B44-4500-A0B9-F9B646018859}.Release|x86.ActiveCfg = Release|Any CPU
		{01C4D3A6-1B44-4500-A0B9-F9B646018859}.Release|x86.Build.0 = Release|Any CPU
	EndGlobalSection
	GlobalSection(SolutionProperties) = preSolution
		HideSolutionNode = FALSE
	EndGlobalSection
	GlobalSection(ExtensibilityGlobals) = postSolution
		SolutionGuid = {BD2C16E4-DC4F-4584-B9C2-BBEFCE681D94}
	EndGlobalSection
EndGlobal
