
Microsoft Visual Studio Solution File, Format Version 12.00
# Visual Studio Version 17
VisualStudioVersion = 17.8.34330.188
MinimumVisualStudioVersion = 10.0.40219.1
Project("{FAE04EC0-301F-11D3-BF4B-00C04F79EFBC}") = "Foundation_GameTemplate", "Foundation_GameTemplate.csproj", "{256EA174-50EE-46A3-9EA4-3EFDC4BF23B4}"
EndProject
Project("{9A19103F-16F7-4668-BE54-9A1E7A4F7556}") = "FoundationR", "..\FoundationR\FoundationR.csproj", "{2A3EBB06-34CC-48F7-B587-6A547B53828D}"
EndProject
Project("{9A19103F-16F7-4668-BE54-9A1E7A4F7556}") = "cotf_rewd", "..\cotf-rewd\cotf_rewd.csproj", "{2092A5EA-DA9C-4053-A8B6-90C240192CC0}"
EndProject
Project("{8BC9CEB8-8B4A-11D0-8D11-00A0C91BC942}") = "Direct2D_Render", "..\Direct2D_Render\Direct2D_Render.vcxproj", "{17E564E8-40A5-4E10-AAC6-1B5D8FDD40C4}"
EndProject
Project("{8BC9CEB8-8B4A-11D0-8D11-00A0C91BC942}") = "TestBed", "..\TestBed\TestBed.vcxproj", "{ACD1B289-A2F9-400D-8ED4-4F6BAB97E55B}"
EndProject
Global
	GlobalSection(SolutionConfigurationPlatforms) = preSolution
		Debug|Any CPU = Debug|Any CPU
		Debug|x64 = Debug|x64
		Debug|x86 = Debug|x86
		Release|Any CPU = Release|Any CPU
		Release|x64 = Release|x64
		Release|x86 = Release|x86
	EndGlobalSection
	GlobalSection(ProjectConfigurationPlatforms) = postSolution
		{256EA174-50EE-46A3-9EA4-3EFDC4BF23B4}.Debug|Any CPU.ActiveCfg = Debug|Any CPU
		{256EA174-50EE-46A3-9EA4-3EFDC4BF23B4}.Debug|Any CPU.Build.0 = Debug|Any CPU
		{256EA174-50EE-46A3-9EA4-3EFDC4BF23B4}.Debug|x64.ActiveCfg = Debug|x64
		{256EA174-50EE-46A3-9EA4-3EFDC4BF23B4}.Debug|x64.Build.0 = Debug|x64
		{256EA174-50EE-46A3-9EA4-3EFDC4BF23B4}.Debug|x86.ActiveCfg = Debug|Any CPU
		{256EA174-50EE-46A3-9EA4-3EFDC4BF23B4}.Debug|x86.Build.0 = Debug|Any CPU
		{256EA174-50EE-46A3-9EA4-3EFDC4BF23B4}.Release|Any CPU.ActiveCfg = Release|Any CPU
		{256EA174-50EE-46A3-9EA4-3EFDC4BF23B4}.Release|Any CPU.Build.0 = Release|Any CPU
		{256EA174-50EE-46A3-9EA4-3EFDC4BF23B4}.Release|x64.ActiveCfg = Release|x64
		{256EA174-50EE-46A3-9EA4-3EFDC4BF23B4}.Release|x64.Build.0 = Release|x64
		{256EA174-50EE-46A3-9EA4-3EFDC4BF23B4}.Release|x86.ActiveCfg = Release|Any CPU
		{256EA174-50EE-46A3-9EA4-3EFDC4BF23B4}.Release|x86.Build.0 = Release|Any CPU
		{2A3EBB06-34CC-48F7-B587-6A547B53828D}.Debug|Any CPU.ActiveCfg = Debug|Any CPU
		{2A3EBB06-34CC-48F7-B587-6A547B53828D}.Debug|Any CPU.Build.0 = Debug|Any CPU
		{2A3EBB06-34CC-48F7-B587-6A547B53828D}.Debug|x64.ActiveCfg = Debug|Any CPU
		{2A3EBB06-34CC-48F7-B587-6A547B53828D}.Debug|x64.Build.0 = Debug|Any CPU
		{2A3EBB06-34CC-48F7-B587-6A547B53828D}.Debug|x86.ActiveCfg = Debug|Any CPU
		{2A3EBB06-34CC-48F7-B587-6A547B53828D}.Debug|x86.Build.0 = Debug|Any CPU
		{2A3EBB06-34CC-48F7-B587-6A547B53828D}.Release|Any CPU.ActiveCfg = Release|Any CPU
		{2A3EBB06-34CC-48F7-B587-6A547B53828D}.Release|Any CPU.Build.0 = Release|Any CPU
		{2A3EBB06-34CC-48F7-B587-6A547B53828D}.Release|x64.ActiveCfg = Release|Any CPU
		{2A3EBB06-34CC-48F7-B587-6A547B53828D}.Release|x64.Build.0 = Release|Any CPU
		{2A3EBB06-34CC-48F7-B587-6A547B53828D}.Release|x86.ActiveCfg = Release|Any CPU
		{2A3EBB06-34CC-48F7-B587-6A547B53828D}.Release|x86.Build.0 = Release|Any CPU
		{2092A5EA-DA9C-4053-A8B6-90C240192CC0}.Debug|Any CPU.ActiveCfg = Debug|Any CPU
		{2092A5EA-DA9C-4053-A8B6-90C240192CC0}.Debug|Any CPU.Build.0 = Debug|Any CPU
		{2092A5EA-DA9C-4053-A8B6-90C240192CC0}.Debug|x64.ActiveCfg = Debug|Any CPU
		{2092A5EA-DA9C-4053-A8B6-90C240192CC0}.Debug|x64.Build.0 = Debug|Any CPU
		{2092A5EA-DA9C-4053-A8B6-90C240192CC0}.Debug|x86.ActiveCfg = Debug|Any CPU
		{2092A5EA-DA9C-4053-A8B6-90C240192CC0}.Debug|x86.Build.0 = Debug|Any CPU
		{2092A5EA-DA9C-4053-A8B6-90C240192CC0}.Release|Any CPU.ActiveCfg = Release|Any CPU
		{2092A5EA-DA9C-4053-A8B6-90C240192CC0}.Release|Any CPU.Build.0 = Release|Any CPU
		{2092A5EA-DA9C-4053-A8B6-90C240192CC0}.Release|x64.ActiveCfg = Release|Any CPU
		{2092A5EA-DA9C-4053-A8B6-90C240192CC0}.Release|x64.Build.0 = Release|Any CPU
		{2092A5EA-DA9C-4053-A8B6-90C240192CC0}.Release|x86.ActiveCfg = Release|Any CPU
		{2092A5EA-DA9C-4053-A8B6-90C240192CC0}.Release|x86.Build.0 = Release|Any CPU
		{17E564E8-40A5-4E10-AAC6-1B5D8FDD40C4}.Debug|Any CPU.ActiveCfg = Debug|x64
		{17E564E8-40A5-4E10-AAC6-1B5D8FDD40C4}.Debug|Any CPU.Build.0 = Debug|x64
		{17E564E8-40A5-4E10-AAC6-1B5D8FDD40C4}.Debug|x64.ActiveCfg = Debug|x64
		{17E564E8-40A5-4E10-AAC6-1B5D8FDD40C4}.Debug|x64.Build.0 = Debug|x64
		{17E564E8-40A5-4E10-AAC6-1B5D8FDD40C4}.Debug|x86.ActiveCfg = Debug|Win32
		{17E564E8-40A5-4E10-AAC6-1B5D8FDD40C4}.Debug|x86.Build.0 = Debug|Win32
		{17E564E8-40A5-4E10-AAC6-1B5D8FDD40C4}.Release|Any CPU.ActiveCfg = Release|x64
		{17E564E8-40A5-4E10-AAC6-1B5D8FDD40C4}.Release|Any CPU.Build.0 = Release|x64
		{17E564E8-40A5-4E10-AAC6-1B5D8FDD40C4}.Release|x64.ActiveCfg = Release|x64
		{17E564E8-40A5-4E10-AAC6-1B5D8FDD40C4}.Release|x64.Build.0 = Release|x64
		{17E564E8-40A5-4E10-AAC6-1B5D8FDD40C4}.Release|x86.ActiveCfg = Release|Win32
		{17E564E8-40A5-4E10-AAC6-1B5D8FDD40C4}.Release|x86.Build.0 = Release|Win32
		{ACD1B289-A2F9-400D-8ED4-4F6BAB97E55B}.Debug|Any CPU.ActiveCfg = Debug|x64
		{ACD1B289-A2F9-400D-8ED4-4F6BAB97E55B}.Debug|Any CPU.Build.0 = Debug|x64
		{ACD1B289-A2F9-400D-8ED4-4F6BAB97E55B}.Debug|x64.ActiveCfg = Debug|x64
		{ACD1B289-A2F9-400D-8ED4-4F6BAB97E55B}.Debug|x64.Build.0 = Debug|x64
		{ACD1B289-A2F9-400D-8ED4-4F6BAB97E55B}.Debug|x86.ActiveCfg = Debug|Win32
		{ACD1B289-A2F9-400D-8ED4-4F6BAB97E55B}.Debug|x86.Build.0 = Debug|Win32
		{ACD1B289-A2F9-400D-8ED4-4F6BAB97E55B}.Release|Any CPU.ActiveCfg = Release|x64
		{ACD1B289-A2F9-400D-8ED4-4F6BAB97E55B}.Release|Any CPU.Build.0 = Release|x64
		{ACD1B289-A2F9-400D-8ED4-4F6BAB97E55B}.Release|x64.ActiveCfg = Release|x64
		{ACD1B289-A2F9-400D-8ED4-4F6BAB97E55B}.Release|x64.Build.0 = Release|x64
		{ACD1B289-A2F9-400D-8ED4-4F6BAB97E55B}.Release|x86.ActiveCfg = Release|Win32
		{ACD1B289-A2F9-400D-8ED4-4F6BAB97E55B}.Release|x86.Build.0 = Release|Win32
	EndGlobalSection
	GlobalSection(SolutionProperties) = preSolution
		HideSolutionNode = FALSE
	EndGlobalSection
	GlobalSection(ExtensibilityGlobals) = postSolution
		SolutionGuid = {BD2C16E4-DC4F-4584-B9C2-BBEFCE681D94}
	EndGlobalSection
EndGlobal
